
Microsoft Visual Studio Solution File, Format Version 12.00
# Visual Studio Version 17
VisualStudioVersion = 17.2.32616.157
MinimumVisualStudioVersion = 10.0.40219.1
Project("{FAE04EC0-301F-11D3-BF4B-00C04F79EFBC}") = "BMO_Auth", "BMO_Auth.csproj", "{0191B71E-0E68-498A-86EF-E6E6A0767822}"
EndProject
Global
	GlobalSection(SolutionConfigurationPlatforms) = preSolution
		Debug|Any CPU = Debug|Any CPU
		Release|Any CPU = Release|Any CPU
	EndGlobalSection
	GlobalSection(ProjectConfigurationPlatforms) = postSolution
		{0191B71E-0E68-498A-86EF-E6E6A0767822}.Debug|Any CPU.ActiveCfg = Debug|Any CPU
		{0191B71E-0E68-498A-86EF-E6E6A0767822}.Debug|Any CPU.Build.0 = Debug|Any CPU
		{0191B71E-0E68-498A-86EF-E6E6A0767822}.Release|Any CPU.ActiveCfg = Release|Any CPU
		{0191B71E-0E68-498A-86EF-E6E6A0767822}.Release|Any CPU.Build.0 = Release|Any CPU
	EndGlobalSection
	GlobalSection(SolutionProperties) = preSolution
		HideSolutionNode = FALSE
	EndGlobalSection
	GlobalSection(ExtensibilityGlobals) = postSolution
		SolutionGuid = {37AEEA9D-BF4A-405A-A8B4-D93741E46D30}
	EndGlobalSection
EndGlobal
